
Microsoft Visual Studio Solution File, Format Version 12.00
# Visual Studio Version 16
VisualStudioVersion = 16.0.29411.108
MinimumVisualStudioVersion = 10.0.40219.1
Project("{FAE04EC0-301F-11D3-BF4B-00C04F79EFBC}") = "EmailTemplateCachingTest", "EmailTemplateCachingTest\EmailTemplateCachingTest.csproj", "{47FDDEE4-E1C5-4C2E-8D7C-530D7D0DD497}"
EndProject
Project("{FAE04EC0-301F-11D3-BF4B-00C04F79EFBC}") = "RazorEngineHelper", "RazorEngineHelper\RazorEngineHelper.csproj", "{009AF54C-BE58-4AEC-A3FF-459071F770BD}"
EndProject
Project("{FAE04EC0-301F-11D3-BF4B-00C04F79EFBC}") = "ConsoleApp1", "ConsoleApp1\ConsoleApp1.csproj", "{80EEDBAB-055C-472E-B366-87F8EA837BD9}"
EndProject
Global
	GlobalSection(SolutionConfigurationPlatforms) = preSolution
		Debug|Any CPU = Debug|Any CPU
		Release|Any CPU = Release|Any CPU
	EndGlobalSection
	GlobalSection(ProjectConfigurationPlatforms) = postSolution
		{47FDDEE4-E1C5-4C2E-8D7C-530D7D0DD497}.Debug|Any CPU.ActiveCfg = Debug|Any CPU
		{47FDDEE4-E1C5-4C2E-8D7C-530D7D0DD497}.Debug|Any CPU.Build.0 = Debug|Any CPU
		{47FDDEE4-E1C5-4C2E-8D7C-530D7D0DD497}.Release|Any CPU.ActiveCfg = Release|Any CPU
		{47FDDEE4-E1C5-4C2E-8D7C-530D7D0DD497}.Release|Any CPU.Build.0 = Release|Any CPU
		{009AF54C-BE58-4AEC-A3FF-459071F770BD}.Debug|Any CPU.ActiveCfg = Debug|Any CPU
		{009AF54C-BE58-4AEC-A3FF-459071F770BD}.Debug|Any CPU.Build.0 = Debug|Any CPU
		{009AF54C-BE58-4AEC-A3FF-459071F770BD}.Release|Any CPU.ActiveCfg = Release|Any CPU
		{009AF54C-BE58-4AEC-A3FF-459071F770BD}.Release|Any CPU.Build.0 = Release|Any CPU
		{80EEDBAB-055C-472E-B366-87F8EA837BD9}.Debug|Any CPU.ActiveCfg = Debug|Any CPU
		{80EEDBAB-055C-472E-B366-87F8EA837BD9}.Debug|Any CPU.Build.0 = Debug|Any CPU
		{80EEDBAB-055C-472E-B366-87F8EA837BD9}.Release|Any CPU.ActiveCfg = Release|Any CPU
		{80EEDBAB-055C-472E-B366-87F8EA837BD9}.Release|Any CPU.Build.0 = Release|Any CPU
	EndGlobalSection
	GlobalSection(SolutionProperties) = preSolution
		HideSolutionNode = FALSE
	EndGlobalSection
	GlobalSection(ExtensibilityGlobals) = postSolution
		SolutionGuid = {F4EE274D-45CF-41AA-946F-3062217EBD1D}
	EndGlobalSection
EndGlobal
